lockfileVersion: '9.0'

settings:
  autoInstallPeers: true
  excludeLinksFromLockfile: false

importers:

  .:
    dependencies:
      aliased:
        specifier: workspace:@private/foo@*
        version: link:packages/foo
    devDependencies:
      es-toolkit:
        specifier: ^1.39.10
        version: 1.39.10

  packages/foo: {}

packages:

  es-toolkit@1.39.10:
    resolution: {integrity: sha512-E0iGnTtbDhkeczB0T+mxmoVlT4YNweEKBLq7oaU4p11mecdsZpNWOglI4895Vh4usbQ+LsJiuLuI2L0Vdmfm2w==}

snapshots:

  es-toolkit@1.39.10: {}
